// !$*UTF8*$!
{
	archiveVersion = 1;
	classes = {
	};
	objectVersion = 56;
	objects = {

/* Begin PBXBuildFile section */
		89AD11C8C57D1609940E1918 /* Pods_VeepeeAssessmentTests.framework in Frameworks */ = {isa = PBXBuildFile; fileRef = 27C8DE601C250F7AB402EE42 /* Pods_VeepeeAssessmentTests.framework */; };
		FB83168B7B492FCEF717F759 /* Pods_VeepeeAssessment.framework in Frameworks */ = {isa = PBXBuildFile; fileRef = A1303DBBC262E33ABBFD5C1B /* Pods_VeepeeAssessment.framework */; };
		FE12C13329C4A0C400102C52 /* Wind.swift in Sources */ = {isa = PBXBuildFile; fileRef = FE12C13229C4A0C400102C52 /* Wind.swift */; };
		FE12C13529C4A47800102C52 /* Weather.swift in Sources */ = {isa = PBXBuildFile; fileRef = FE12C13429C4A47800102C52 /* Weather.swift */; };
		FE12C13A29C4A63F00102C52 /* ScreenStatus.swift in Sources */ = {isa = PBXBuildFile; fileRef = FE12C13929C4A63F00102C52 /* ScreenStatus.swift */; };
		FE12C13E29C4ABA000102C52 /* HomeView.swift in Sources */ = {isa = PBXBuildFile; fileRef = FE12C13D29C4ABA000102C52 /* HomeView.swift */; };
		FE12C14029C4AC9E00102C52 /* AppCoordinator.swift in Sources */ = {isa = PBXBuildFile; fileRef = FE12C13F29C4AC9E00102C52 /* AppCoordinator.swift */; };
		FE12C14229C4ACDA00102C52 /* MainCoordinator.swift in Sources */ = {isa = PBXBuildFile; fileRef = FE12C14129C4ACDA00102C52 /* MainCoordinator.swift */; };
		FE12C14429C4AD3900102C52 /* HomeViewModel.swift in Sources */ = {isa = PBXBuildFile; fileRef = FE12C14329C4AD3900102C52 /* HomeViewModel.swift */; };
		FE12C14629C4ADC700102C52 /* DetailView.swift in Sources */ = {isa = PBXBuildFile; fileRef = FE12C14529C4ADC700102C52 /* DetailView.swift */; };
		FE12C14829C4ADE700102C52 /* DetailViewModel.swift in Sources */ = {isa = PBXBuildFile; fileRef = FE12C14729C4ADE700102C52 /* DetailViewModel.swift */; };
		FE4381C029CB731700CE0439 /* ObjectMother.swift in Sources */ = {isa = PBXBuildFile; fileRef = FE4381BF29CB731700CE0439 /* ObjectMother.swift */; };
		FE4381C129CB73D000CE0439 /* UrlSessionApiClient.swift in Sources */ = {isa = PBXBuildFile; fileRef = FE75B5EE29C46962004F8046 /* UrlSessionApiClient.swift */; };
		FE4381C229CB73D000CE0439 /* ClockImpl.swift in Sources */ = {isa = PBXBuildFile; fileRef = FEDB849429CB300700797722 /* ClockImpl.swift */; };
		FE4381C329CB73D000CE0439 /* ApiClient.swift in Sources */ = {isa = PBXBuildFile; fileRef = FE75B5E729C4689F004F8046 /* ApiClient.swift */; };
		FE4381C429CB73D000CE0439 /* HttpMethod.swift in Sources */ = {isa = PBXBuildFile; fileRef = FE75B5F129C46A4C004F8046 /* HttpMethod.swift */; };
		FE4381C529CB73D000CE0439 /* UserDefaults.swift in Sources */ = {isa = PBXBuildFile; fileRef = FEDB848E29CB256B00797722 /* UserDefaults.swift */; };
		FE4381C629CB73D000CE0439 /* ApiClientError.swift in Sources */ = {isa = PBXBuildFile; fileRef = FE75B5EC29C46948004F8046 /* ApiClientError.swift */; };
		FE4381C729CB73D000CE0439 /* ApiConstants.swift in Sources */ = {isa = PBXBuildFile; fileRef = FE75B61C29C476BB004F8046 /* ApiConstants.swift */; };
		FE4381C829CB73D600CE0439 /* ForecastListDto.swift in Sources */ = {isa = PBXBuildFile; fileRef = FEE2BE2629C9EC2D006C4A93 /* ForecastListDto.swift */; };
		FE4381C929CB73D600CE0439 /* ForecastDto.swift in Sources */ = {isa = PBXBuildFile; fileRef = FE75B5F329C46B0D004F8046 /* ForecastDto.swift */; };
		FE4381CA29CB73D600CE0439 /* WindDto.swift in Sources */ = {isa = PBXBuildFile; fileRef = FE75B62829C47F07004F8046 /* WindDto.swift */; };
		FE4381CB29CB73D600CE0439 /* WeatherDto.swift in Sources */ = {isa = PBXBuildFile; fileRef = FE75B62429C47D78004F8046 /* WeatherDto.swift */; };
		FE4381CC29CB73D600CE0439 /* ForecastMainDto.swift in Sources */ = {isa = PBXBuildFile; fileRef = FE75B62229C47B94004F8046 /* ForecastMainDto.swift */; };
		FE4381CD29CB73DA00CE0439 /* LocalDtoMapper.swift in Sources */ = {isa = PBXBuildFile; fileRef = FE75B62029C47955004F8046 /* LocalDtoMapper.swift */; };
		FE4381CE29CB73DA00CE0439 /* ApiDtoMapper.swift in Sources */ = {isa = PBXBuildFile; fileRef = FE75B61E29C478ED004F8046 /* ApiDtoMapper.swift */; };
		FE4381CF29CB73DE00CE0439 /* ForecastDataSource.swift in Sources */ = {isa = PBXBuildFile; fileRef = FE75B61729C47363004F8046 /* ForecastDataSource.swift */; };
		FE4381D029CB73DE00CE0439 /* ForecastApiDataSource.swift in Sources */ = {isa = PBXBuildFile; fileRef = FE75B61929C473AC004F8046 /* ForecastApiDataSource.swift */; };
		FE4381D129CB73DE00CE0439 /* ForecastLocalDataSource.swift in Sources */ = {isa = PBXBuildFile; fileRef = FEDB848429CB0F1D00797722 /* ForecastLocalDataSource.swift */; };
		FE4381D229CB73DE00CE0439 /* ForecastRepositoryImpl.swift in Sources */ = {isa = PBXBuildFile; fileRef = FE75B61529C472AD004F8046 /* ForecastRepositoryImpl.swift */; };
		FE4381D329CB73E100CE0439 /* GetForecastUseCase.swift in Sources */ = {isa = PBXBuildFile; fileRef = FEF33F3529CA5EFC000F5445 /* GetForecastUseCase.swift */; };
		FE4381D429CB73E100CE0439 /* GetForecastListUseCase.swift in Sources */ = {isa = PBXBuildFile; fileRef = FE75B62D29C4878C004F8046 /* GetForecastListUseCase.swift */; };
		FE4381D529CB73E600CE0439 /* ForecastRepository.swift in Sources */ = {isa = PBXBuildFile; fileRef = FE75B60F29C47146004F8046 /* ForecastRepository.swift */; };
		FE4381D629CB73EB00CE0439 /* Clock.swift in Sources */ = {isa = PBXBuildFile; fileRef = FEDB848C29CB235400797722 /* Clock.swift */; };
		FE4381D729CB73EB00CE0439 /* Wind.swift in Sources */ = {isa = PBXBuildFile; fileRef = FE12C13229C4A0C400102C52 /* Wind.swift */; };
		FE4381D829CB73EB00CE0439 /* NetworkMonitor.swift in Sources */ = {isa = PBXBuildFile; fileRef = FEDB849029CB2F3A00797722 /* NetworkMonitor.swift */; };
		FE4381D929CB73EB00CE0439 /* Weather.swift in Sources */ = {isa = PBXBuildFile; fileRef = FE12C13429C4A47800102C52 /* Weather.swift */; };
		FE4381DA29CB73EB00CE0439 /* DomainError.swift in Sources */ = {isa = PBXBuildFile; fileRef = FE75B5EA29C468CF004F8046 /* DomainError.swift */; };
		FE4381DB29CB73EB00CE0439 /* Forecast.swift in Sources */ = {isa = PBXBuildFile; fileRef = FE75B61129C47206004F8046 /* Forecast.swift */; };
		FE4381DC29CB73EE00CE0439 /* DomainConstants.swift in Sources */ = {isa = PBXBuildFile; fileRef = FE75B62F29C48816004F8046 /* DomainConstants.swift */; };
		FE4381DD29CB73F600CE0439 /* ForecastDetailUI.swift in Sources */ = {isa = PBXBuildFile; fileRef = FEF33F3729CA6224000F5445 /* ForecastDetailUI.swift */; };
		FE4381DE29CB73F600CE0439 /* DetailView.swift in Sources */ = {isa = PBXBuildFile; fileRef = FE12C14529C4ADC700102C52 /* DetailView.swift */; };
		FE4381DF29CB73F600CE0439 /* DetailViewModel.swift in Sources */ = {isa = PBXBuildFile; fileRef = FE12C14729C4ADE700102C52 /* DetailViewModel.swift */; };
		FE4381E029CB73FA00CE0439 /* HomeView.swift in Sources */ = {isa = PBXBuildFile; fileRef = FE12C13D29C4ABA000102C52 /* HomeView.swift */; };
		FE4381E129CB73FA00CE0439 /* ForecastUI.swift in Sources */ = {isa = PBXBuildFile; fileRef = FEE2BE1D29C9BA20006C4A93 /* ForecastUI.swift */; };
		FE4381E229CB73FA00CE0439 /* HomeViewModel.swift in Sources */ = {isa = PBXBuildFile; fileRef = FE12C14329C4AD3900102C52 /* HomeViewModel.swift */; };
		FE4381E329CB73FC00CE0439 /* ScreenStatus.swift in Sources */ = {isa = PBXBuildFile; fileRef = FE12C13929C4A63F00102C52 /* ScreenStatus.swift */; };
		FE4381E429CB740000CE0439 /* NetworkMonitorImpl.swift in Sources */ = {isa = PBXBuildFile; fileRef = FEDB849229CB2FCD00797722 /* NetworkMonitorImpl.swift */; };
		FE4381E529CB740000CE0439 /* ViewConstants.swift in Sources */ = {isa = PBXBuildFile; fileRef = FEE2BE1B29C9B48D006C4A93 /* ViewConstants.swift */; };
		FE4381E629CB740000CE0439 /* DateUtils.swift in Sources */ = {isa = PBXBuildFile; fileRef = FEE2BE1F29C9BB59006C4A93 /* DateUtils.swift */; };
		FE4381E729CB740000CE0439 /* Utils.swift in Sources */ = {isa = PBXBuildFile; fileRef = FEF33F3929CA68C7000F5445 /* Utils.swift */; };
		FE4381E829CB740400CE0439 /* MainCoordinator.swift in Sources */ = {isa = PBXBuildFile; fileRef = FE12C14129C4ACDA00102C52 /* MainCoordinator.swift */; };
		FE4381E929CB740400CE0439 /* AppCoordinator.swift in Sources */ = {isa = PBXBuildFile; fileRef = FE12C13F29C4AC9E00102C52 /* AppCoordinator.swift */; };
		FE4381EB29CB741A00CE0439 /* Mocks.swift in Sources */ = {isa = PBXBuildFile; fileRef = FE4381EA29CB741A00CE0439 /* Mocks.swift */; };
		FE4381ED29CB758A00CE0439 /* UrlSessionApiClientSpec.swift in Sources */ = {isa = PBXBuildFile; fileRef = FE4381EC29CB758A00CE0439 /* UrlSessionApiClientSpec.swift */; };
		FE4381EF29CB77B800CE0439 /* forecast.json in Resources */ = {isa = PBXBuildFile; fileRef = FE4381EE29CB77B800CE0439 /* forecast.json */; };
		FE4381F129CBAE0000CE0439 /* ForecastRepositorySpec.swift in Sources */ = {isa = PBXBuildFile; fileRef = FE4381F029CBAE0000CE0439 /* ForecastRepositorySpec.swift */; };
		FE4381F229CBB21C00CE0439 /* Factory.swift in Sources */ = {isa = PBXBuildFile; fileRef = FE75B60C29C47114004F8046 /* Factory.swift */; };
		FE4381F329CBB23600CE0439 /* VeepeeAssessment.xcdatamodeld in Sources */ = {isa = PBXBuildFile; fileRef = FE75B5BB29C46640004F8046 /* VeepeeAssessment.xcdatamodeld */; };
		FE4381F529CBC4DC00CE0439 /* ForecastApiDataSourceSpec.swift in Sources */ = {isa = PBXBuildFile; fileRef = FE4381F429CBC4DC00CE0439 /* ForecastApiDataSourceSpec.swift */; };
		FE75B5B129C4663E004F8046 /* VeepeeAssessmentApp.swift in Sources */ = {isa = PBXBuildFile; fileRef = FE75B5B029C4663E004F8046 /* VeepeeAssessmentApp.swift */; };
		FE75B5B529C46640004F8046 /* Assets.xcassets in Resources */ = {isa = PBXBuildFile; fileRef = FE75B5B429C46640004F8046 /* Assets.xcassets */; };
		FE75B5B829C46640004F8046 /* Preview Assets.xcassets in Resources */ = {isa = PBXBuildFile; fileRef = FE75B5B729C46640004F8046 /* Preview Assets.xcassets */; };
		FE75B5BD29C46640004F8046 /* VeepeeAssessment.xcdatamodeld in Sources */ = {isa = PBXBuildFile; fileRef = FE75B5BB29C46640004F8046 /* VeepeeAssessment.xcdatamodeld */; };
		FE75B5E829C4689F004F8046 /* ApiClient.swift in Sources */ = {isa = PBXBuildFile; fileRef = FE75B5E729C4689F004F8046 /* ApiClient.swift */; };
		FE75B5EB29C468CF004F8046 /* DomainError.swift in Sources */ = {isa = PBXBuildFile; fileRef = FE75B5EA29C468CF004F8046 /* DomainError.swift */; };
		FE75B5ED29C46948004F8046 /* ApiClientError.swift in Sources */ = {isa = PBXBuildFile; fileRef = FE75B5EC29C46948004F8046 /* ApiClientError.swift */; };
		FE75B5EF29C46962004F8046 /* UrlSessionApiClient.swift in Sources */ = {isa = PBXBuildFile; fileRef = FE75B5EE29C46962004F8046 /* UrlSessionApiClient.swift */; };
		FE75B5F229C46A4C004F8046 /* HttpMethod.swift in Sources */ = {isa = PBXBuildFile; fileRef = FE75B5F129C46A4C004F8046 /* HttpMethod.swift */; };
		FE75B5F429C46B0D004F8046 /* ForecastDto.swift in Sources */ = {isa = PBXBuildFile; fileRef = FE75B5F329C46B0D004F8046 /* ForecastDto.swift */; };
		FE75B5FA29C46F38004F8046 /* Stinsen in Frameworks */ = {isa = PBXBuildFile; productRef = FE75B5F929C46F38004F8046 /* Stinsen */; };
		FE75B5FD29C46F55004F8046 /* Factory in Frameworks */ = {isa = PBXBuildFile; productRef = FE75B5FC29C46F55004F8046 /* Factory */; };
		FE75B60029C46F7B004F8046 /* SnapshotTesting in Frameworks */ = {isa = PBXBuildFile; productRef = FE75B5FF29C46F7B004F8046 /* SnapshotTesting */; };
		FE75B60329C47033004F8046 /* Quick in Frameworks */ = {isa = PBXBuildFile; productRef = FE75B60229C47033004F8046 /* Quick */; };
		FE75B60629C47082004F8046 /* Nimble in Frameworks */ = {isa = PBXBuildFile; productRef = FE75B60529C47082004F8046 /* Nimble */; };
		FE75B60929C470E4004F8046 /* OHHTTPStubs in Frameworks */ = {isa = PBXBuildFile; productRef = FE75B60829C470E4004F8046 /* OHHTTPStubs */; };
		FE75B60B29C470E4004F8046 /* OHHTTPStubsSwift in Frameworks */ = {isa = PBXBuildFile; productRef = FE75B60A29C470E4004F8046 /* OHHTTPStubsSwift */; };
		FE75B60D29C47114004F8046 /* Factory.swift in Sources */ = {isa = PBXBuildFile; fileRef = FE75B60C29C47114004F8046 /* Factory.swift */; };
		FE75B61029C47146004F8046 /* ForecastRepository.swift in Sources */ = {isa = PBXBuildFile; fileRef = FE75B60F29C47146004F8046 /* ForecastRepository.swift */; };
		FE75B61229C47206004F8046 /* Forecast.swift in Sources */ = {isa = PBXBuildFile; fileRef = FE75B61129C47206004F8046 /* Forecast.swift */; };
		FE75B61629C472AD004F8046 /* ForecastRepositoryImpl.swift in Sources */ = {isa = PBXBuildFile; fileRef = FE75B61529C472AD004F8046 /* ForecastRepositoryImpl.swift */; };
		FE75B61829C47363004F8046 /* ForecastDataSource.swift in Sources */ = {isa = PBXBuildFile; fileRef = FE75B61729C47363004F8046 /* ForecastDataSource.swift */; };
		FE75B61A29C473AC004F8046 /* ForecastApiDataSource.swift in Sources */ = {isa = PBXBuildFile; fileRef = FE75B61929C473AC004F8046 /* ForecastApiDataSource.swift */; };
		FE75B61D29C476BB004F8046 /* ApiConstants.swift in Sources */ = {isa = PBXBuildFile; fileRef = FE75B61C29C476BB004F8046 /* ApiConstants.swift */; };
		FE75B61F29C478ED004F8046 /* ApiDtoMapper.swift in Sources */ = {isa = PBXBuildFile; fileRef = FE75B61E29C478ED004F8046 /* ApiDtoMapper.swift */; };
		FE75B62129C47955004F8046 /* LocalDtoMapper.swift in Sources */ = {isa = PBXBuildFile; fileRef = FE75B62029C47955004F8046 /* LocalDtoMapper.swift */; };
		FE75B62329C47B94004F8046 /* ForecastMainDto.swift in Sources */ = {isa = PBXBuildFile; fileRef = FE75B62229C47B94004F8046 /* ForecastMainDto.swift */; };
		FE75B62529C47D78004F8046 /* WeatherDto.swift in Sources */ = {isa = PBXBuildFile; fileRef = FE75B62429C47D78004F8046 /* WeatherDto.swift */; };
		FE75B62929C47F07004F8046 /* WindDto.swift in Sources */ = {isa = PBXBuildFile; fileRef = FE75B62829C47F07004F8046 /* WindDto.swift */; };
		FE75B62E29C4878C004F8046 /* GetForecastListUseCase.swift in Sources */ = {isa = PBXBuildFile; fileRef = FE75B62D29C4878C004F8046 /* GetForecastListUseCase.swift */; };
		FE75B63029C48816004F8046 /* DomainConstants.swift in Sources */ = {isa = PBXBuildFile; fileRef = FE75B62F29C48816004F8046 /* DomainConstants.swift */; };
		FEDB848529CB0F1D00797722 /* ForecastLocalDataSource.swift in Sources */ = {isa = PBXBuildFile; fileRef = FEDB848429CB0F1D00797722 /* ForecastLocalDataSource.swift */; };
		FEDB848D29CB235400797722 /* Clock.swift in Sources */ = {isa = PBXBuildFile; fileRef = FEDB848C29CB235400797722 /* Clock.swift */; };
		FEDB848F29CB256B00797722 /* UserDefaults.swift in Sources */ = {isa = PBXBuildFile; fileRef = FEDB848E29CB256B00797722 /* UserDefaults.swift */; };
		FEDB849129CB2F3A00797722 /* NetworkMonitor.swift in Sources */ = {isa = PBXBuildFile; fileRef = FEDB849029CB2F3A00797722 /* NetworkMonitor.swift */; };
		FEDB849329CB2FCD00797722 /* NetworkMonitorImpl.swift in Sources */ = {isa = PBXBuildFile; fileRef = FEDB849229CB2FCD00797722 /* NetworkMonitorImpl.swift */; };
		FEDB849529CB300700797722 /* ClockImpl.swift in Sources */ = {isa = PBXBuildFile; fileRef = FEDB849429CB300700797722 /* ClockImpl.swift */; };
		FEE2BE1C29C9B48D006C4A93 /* ViewConstants.swift in Sources */ = {isa = PBXBuildFile; fileRef = FEE2BE1B29C9B48D006C4A93 /* ViewConstants.swift */; };
		FEE2BE1E29C9BA20006C4A93 /* ForecastUI.swift in Sources */ = {isa = PBXBuildFile; fileRef = FEE2BE1D29C9BA20006C4A93 /* ForecastUI.swift */; };
		FEE2BE2029C9BB59006C4A93 /* DateUtils.swift in Sources */ = {isa = PBXBuildFile; fileRef = FEE2BE1F29C9BB59006C4A93 /* DateUtils.swift */; };
		FEE2BE2729C9EC2D006C4A93 /* ForecastListDto.swift in Sources */ = {isa = PBXBuildFile; fileRef = FEE2BE2629C9EC2D006C4A93 /* ForecastListDto.swift */; };
		FEF33F3429CA5A4D000F5445 /* CachedAsyncImage in Frameworks */ = {isa = PBXBuildFile; productRef = FEF33F3329CA5A4D000F5445 /* CachedAsyncImage */; };
		FEF33F3629CA5EFC000F5445 /* GetForecastUseCase.swift in Sources */ = {isa = PBXBuildFile; fileRef = FEF33F3529CA5EFC000F5445 /* GetForecastUseCase.swift */; };
		FEF33F3829CA6224000F5445 /* ForecastDetailUI.swift in Sources */ = {isa = PBXBuildFile; fileRef = FEF33F3729CA6224000F5445 /* ForecastDetailUI.swift */; };
		FEF33F3A29CA68C7000F5445 /* Utils.swift in Sources */ = {isa = PBXBuildFile; fileRef = FEF33F3929CA68C7000F5445 /* Utils.swift */; };
/* End PBXBuildFile section */

/* Begin PBXContainerItemProxy section */
		FE75B5C329C46640004F8046 /* PBXContainerItemProxy */ = {
			isa = PBXContainerItemProxy;
			containerPortal = FE75B5A529C4663E004F8046 /* Project object */;
			proxyType = 1;
			remoteGlobalIDString = FE75B5AC29C4663E004F8046;
			remoteInfo = VeepeeAssessment;
		};
/* End PBXContainerItemProxy section */

/* Begin PBXFileReference section */
		27C8DE601C250F7AB402EE42 /* Pods_VeepeeAssessmentTests.framework */ = {isa = PBXFileReference; explicitFileType = wrapper.framework; includeInIndex = 0; path = Pods_VeepeeAssessmentTests.framework; sourceTree = BUILT_PRODUCTS_DIR; };
		33E0F4100CC15080E3A63BF0 /* Pods-VeepeeAssessmentTests.release.xcconfig */ = {isa = PBXFileReference; includeInIndex = 1; lastKnownFileType = text.xcconfig; name = "Pods-VeepeeAssessmentTests.release.xcconfig"; path = "Target Support Files/Pods-VeepeeAssessmentTests/Pods-VeepeeAssessmentTests.release.xcconfig"; sourceTree = "<group>"; };
		60EEA32AC276C0B58A50E2CA /* Pods-VeepeeAssessment.release.xcconfig */ = {isa = PBXFileReference; includeInIndex = 1; lastKnownFileType = text.xcconfig; name = "Pods-VeepeeAssessment.release.xcconfig"; path = "Target Support Files/Pods-VeepeeAssessment/Pods-VeepeeAssessment.release.xcconfig"; sourceTree = "<group>"; };
		A1303DBBC262E33ABBFD5C1B /* Pods_VeepeeAssessment.framework */ = {isa = PBXFileReference; explicitFileType = wrapper.framework; includeInIndex = 0; path = Pods_VeepeeAssessment.framework; sourceTree = BUILT_PRODUCTS_DIR; };
		B42BB0454344EAA623599BED /* Pods-VeepeeAssessment.debug.xcconfig */ = {isa = PBXFileReference; includeInIndex = 1; lastKnownFileType = text.xcconfig; name = "Pods-VeepeeAssessment.debug.xcconfig"; path = "Target Support Files/Pods-VeepeeAssessment/Pods-VeepeeAssessment.debug.xcconfig"; sourceTree = "<group>"; };
		D6F81EE0475B0E3C7289DA7D /* Pods-VeepeeAssessmentTests.debug.xcconfig */ = {isa = PBXFileReference; includeInIndex = 1; lastKnownFileType = text.xcconfig; name = "Pods-VeepeeAssessmentTests.debug.xcconfig"; path = "Target Support Files/Pods-VeepeeAssessmentTests/Pods-VeepeeAssessmentTests.debug.xcconfig"; sourceTree = "<group>"; };
		FE12C13229C4A0C400102C52 /* Wind.swift */ = {isa = PBXFileReference; lastKnownFileType = sourcecode.swift; path = Wind.swift; sourceTree = "<group>"; };
		FE12C13429C4A47800102C52 /* Weather.swift */ = {isa = PBXFileReference; lastKnownFileType = sourcecode.swift; path = Weather.swift; sourceTree = "<group>"; };
		FE12C13929C4A63F00102C52 /* ScreenStatus.swift */ = {isa = PBXFileReference; lastKnownFileType = sourcecode.swift; path = ScreenStatus.swift; sourceTree = "<group>"; };
		FE12C13D29C4ABA000102C52 /* HomeView.swift */ = {isa = PBXFileReference; lastKnownFileType = sourcecode.swift; path = HomeView.swift; sourceTree = "<group>"; };
		FE12C13F29C4AC9E00102C52 /* AppCoordinator.swift */ = {isa = PBXFileReference; lastKnownFileType = sourcecode.swift; path = AppCoordinator.swift; sourceTree = "<group>"; };
		FE12C14129C4ACDA00102C52 /* MainCoordinator.swift */ = {isa = PBXFileReference; lastKnownFileType = sourcecode.swift; path = MainCoordinator.swift; sourceTree = "<group>"; };
		FE12C14329C4AD3900102C52 /* HomeViewModel.swift */ = {isa = PBXFileReference; lastKnownFileType = sourcecode.swift; path = HomeViewModel.swift; sourceTree = "<group>"; };
		FE12C14529C4ADC700102C52 /* DetailView.swift */ = {isa = PBXFileReference; lastKnownFileType = sourcecode.swift; path = DetailView.swift; sourceTree = "<group>"; };
		FE12C14729C4ADE700102C52 /* DetailViewModel.swift */ = {isa = PBXFileReference; lastKnownFileType = sourcecode.swift; path = DetailViewModel.swift; sourceTree = "<group>"; };
		FE4381BF29CB731700CE0439 /* ObjectMother.swift */ = {isa = PBXFileReference; lastKnownFileType = sourcecode.swift; path = ObjectMother.swift; sourceTree = "<group>"; };
		FE4381EA29CB741A00CE0439 /* Mocks.swift */ = {isa = PBXFileReference; lastKnownFileType = sourcecode.swift; path = Mocks.swift; sourceTree = "<group>"; };
		FE4381EC29CB758A00CE0439 /* UrlSessionApiClientSpec.swift */ = {isa = PBXFileReference; lastKnownFileType = sourcecode.swift; path = UrlSessionApiClientSpec.swift; sourceTree = "<group>"; };
		FE4381EE29CB77B800CE0439 /* forecast.json */ = {isa = PBXFileReference; lastKnownFileType = text.json; path = forecast.json; sourceTree = "<group>"; };
		FE4381F029CBAE0000CE0439 /* ForecastRepositorySpec.swift */ = {isa = PBXFileReference; lastKnownFileType = sourcecode.swift; path = ForecastRepositorySpec.swift; sourceTree = "<group>"; };
		FE4381F429CBC4DC00CE0439 /* ForecastApiDataSourceSpec.swift */ = {isa = PBXFileReference; lastKnownFileType = sourcecode.swift; path = ForecastApiDataSourceSpec.swift; sourceTree = "<group>"; };
		FE75B5AD29C4663E004F8046 /* VeepeeAssessment.app */ = {isa = PBXFileReference; explicitFileType = wrapper.application; includeInIndex = 0; path = VeepeeAssessment.app; sourceTree = BUILT_PRODUCTS_DIR; };
		FE75B5B029C4663E004F8046 /* VeepeeAssessmentApp.swift */ = {isa = PBXFileReference; lastKnownFileType = sourcecode.swift; path = VeepeeAssessmentApp.swift; sourceTree = "<group>"; };
		FE75B5B429C46640004F8046 /* Assets.xcassets */ = {isa = PBXFileReference; lastKnownFileType = folder.assetcatalog; path = Assets.xcassets; sourceTree = "<group>"; };
		FE75B5B729C46640004F8046 /* Preview Assets.xcassets */ = {isa = PBXFileReference; lastKnownFileType = folder.assetcatalog; path = "Preview Assets.xcassets"; sourceTree = "<group>"; };
		FE75B5BC29C46640004F8046 /* VeepeeAssessment.xcdatamodel */ = {isa = PBXFileReference; lastKnownFileType = wrapper.xcdatamodel; path = VeepeeAssessment.xcdatamodel; sourceTree = "<group>"; };
		FE75B5C229C46640004F8046 /* VeepeeAssessmentTests.xctest */ = {isa = PBXFileReference; explicitFileType = wrapper.cfbundle; includeInIndex = 0; path = VeepeeAssessmentTests.xctest; sourceTree = BUILT_PRODUCTS_DIR; };
		FE75B5E729C4689F004F8046 /* ApiClient.swift */ = {isa = PBXFileReference; lastKnownFileType = sourcecode.swift; path = ApiClient.swift; sourceTree = "<group>"; };
		FE75B5EA29C468CF004F8046 /* DomainError.swift */ = {isa = PBXFileReference; lastKnownFileType = sourcecode.swift; path = DomainError.swift; sourceTree = "<group>"; };
		FE75B5EC29C46948004F8046 /* ApiClientError.swift */ = {isa = PBXFileReference; lastKnownFileType = sourcecode.swift; path = ApiClientError.swift; sourceTree = "<group>"; };
		FE75B5EE29C46962004F8046 /* UrlSessionApiClient.swift */ = {isa = PBXFileReference; lastKnownFileType = sourcecode.swift; path = UrlSessionApiClient.swift; sourceTree = "<group>"; };
		FE75B5F129C46A4C004F8046 /* HttpMethod.swift */ = {isa = PBXFileReference; lastKnownFileType = sourcecode.swift; path = HttpMethod.swift; sourceTree = "<group>"; };
		FE75B5F329C46B0D004F8046 /* ForecastDto.swift */ = {isa = PBXFileReference; lastKnownFileType = sourcecode.swift; path = ForecastDto.swift; sourceTree = "<group>"; };
		FE75B60C29C47114004F8046 /* Factory.swift */ = {isa = PBXFileReference; lastKnownFileType = sourcecode.swift; path = Factory.swift; sourceTree = "<group>"; };
		FE75B60F29C47146004F8046 /* ForecastRepository.swift */ = {isa = PBXFileReference; lastKnownFileType = sourcecode.swift; path = ForecastRepository.swift; sourceTree = "<group>"; };
		FE75B61129C47206004F8046 /* Forecast.swift */ = {isa = PBXFileReference; lastKnownFileType = sourcecode.swift; path = Forecast.swift; sourceTree = "<group>"; };
		FE75B61529C472AD004F8046 /* ForecastRepositoryImpl.swift */ = {isa = PBXFileReference; lastKnownFileType = sourcecode.swift; path = ForecastRepositoryImpl.swift; sourceTree = "<group>"; };
		FE75B61729C47363004F8046 /* ForecastDataSource.swift */ = {isa = PBXFileReference; lastKnownFileType = sourcecode.swift; path = ForecastDataSource.swift; sourceTree = "<group>"; };
		FE75B61929C473AC004F8046 /* ForecastApiDataSource.swift */ = {isa = PBXFileReference; lastKnownFileType = sourcecode.swift; path = ForecastApiDataSource.swift; sourceTree = "<group>"; };
		FE75B61C29C476BB004F8046 /* ApiConstants.swift */ = {isa = PBXFileReference; lastKnownFileType = sourcecode.swift; path = ApiConstants.swift; sourceTree = "<group>"; };
		FE75B61E29C478ED004F8046 /* ApiDtoMapper.swift */ = {isa = PBXFileReference; lastKnownFileType = sourcecode.swift; path = ApiDtoMapper.swift; sourceTree = "<group>"; };
		FE75B62029C47955004F8046 /* LocalDtoMapper.swift */ = {isa = PBXFileReference; lastKnownFileType = sourcecode.swift; path = LocalDtoMapper.swift; sourceTree = "<group>"; };
		FE75B62229C47B94004F8046 /* ForecastMainDto.swift */ = {isa = PBXFileReference; lastKnownFileType = sourcecode.swift; path = ForecastMainDto.swift; sourceTree = "<group>"; };
		FE75B62429C47D78004F8046 /* WeatherDto.swift */ = {isa = PBXFileReference; lastKnownFileType = sourcecode.swift; path = WeatherDto.swift; sourceTree = "<group>"; };
		FE75B62829C47F07004F8046 /* WindDto.swift */ = {isa = PBXFileReference; lastKnownFileType = sourcecode.swift; name = WindDto.swift; path = /Users/yeniel/workspace/iOS_Archive/VeepeeAssessment/VeepeeAssessment/Data/Dto/WindDto.swift; sourceTree = "<absolute>"; };
		FE75B62D29C4878C004F8046 /* GetForecastListUseCase.swift */ = {isa = PBXFileReference; lastKnownFileType = sourcecode.swift; path = GetForecastListUseCase.swift; sourceTree = "<group>"; };
		FE75B62F29C48816004F8046 /* DomainConstants.swift */ = {isa = PBXFileReference; lastKnownFileType = sourcecode.swift; path = DomainConstants.swift; sourceTree = "<group>"; };
		FEDB848429CB0F1D00797722 /* ForecastLocalDataSource.swift */ = {isa = PBXFileReference; lastKnownFileType = sourcecode.swift; path = ForecastLocalDataSource.swift; sourceTree = "<group>"; };
		FEDB848C29CB235400797722 /* Clock.swift */ = {isa = PBXFileReference; lastKnownFileType = sourcecode.swift; path = Clock.swift; sourceTree = "<group>"; };
		FEDB848E29CB256B00797722 /* UserDefaults.swift */ = {isa = PBXFileReference; lastKnownFileType = sourcecode.swift; path = UserDefaults.swift; sourceTree = "<group>"; };
		FEDB849029CB2F3A00797722 /* NetworkMonitor.swift */ = {isa = PBXFileReference; lastKnownFileType = sourcecode.swift; path = NetworkMonitor.swift; sourceTree = "<group>"; };
		FEDB849229CB2FCD00797722 /* NetworkMonitorImpl.swift */ = {isa = PBXFileReference; lastKnownFileType = sourcecode.swift; path = NetworkMonitorImpl.swift; sourceTree = "<group>"; };
		FEDB849429CB300700797722 /* ClockImpl.swift */ = {isa = PBXFileReference; lastKnownFileType = sourcecode.swift; path = ClockImpl.swift; sourceTree = "<group>"; };
		FEE2BE1B29C9B48D006C4A93 /* ViewConstants.swift */ = {isa = PBXFileReference; lastKnownFileType = sourcecode.swift; path = ViewConstants.swift; sourceTree = "<group>"; };
		FEE2BE1D29C9BA20006C4A93 /* ForecastUI.swift */ = {isa = PBXFileReference; lastKnownFileType = sourcecode.swift; path = ForecastUI.swift; sourceTree = "<group>"; };
		FEE2BE1F29C9BB59006C4A93 /* DateUtils.swift */ = {isa = PBXFileReference; lastKnownFileType = sourcecode.swift; path = DateUtils.swift; sourceTree = "<group>"; };
		FEE2BE2529C9E1C8006C4A93 /* Info.plist */ = {isa = PBXFileReference; lastKnownFileType = text.plist; path = Info.plist; sourceTree = "<group>"; };
		FEE2BE2629C9EC2D006C4A93 /* ForecastListDto.swift */ = {isa = PBXFileReference; lastKnownFileType = sourcecode.swift; path = ForecastListDto.swift; sourceTree = "<group>"; };
		FEF33F3529CA5EFC000F5445 /* GetForecastUseCase.swift */ = {isa = PBXFileReference; lastKnownFileType = sourcecode.swift; path = GetForecastUseCase.swift; sourceTree = "<group>"; };
		FEF33F3729CA6224000F5445 /* ForecastDetailUI.swift */ = {isa = PBXFileReference; lastKnownFileType = sourcecode.swift; path = ForecastDetailUI.swift; sourceTree = "<group>"; };
		FEF33F3929CA68C7000F5445 /* Utils.swift */ = {isa = PBXFileReference; lastKnownFileType = sourcecode.swift; path = Utils.swift; sourceTree = "<group>"; };
/* End PBXFileReference section */

/* Begin PBXFrameworksBuildPhase section */
		FE75B5AA29C4663E004F8046 /* Frameworks */ = {
			isa = PBXFrameworksBuildPhase;
			buildActionMask = 2147483647;
			files = (
				FE75B5FD29C46F55004F8046 /* Factory in Frameworks */,
				FEF33F3429CA5A4D000F5445 /* CachedAsyncImage in Frameworks */,
				FB83168B7B492FCEF717F759 /* Pods_VeepeeAssessment.framework in Frameworks */,
				FE75B5FA29C46F38004F8046 /* Stinsen in Frameworks */,
			);
			runOnlyForDeploymentPostprocessing = 0;
		};
		FE75B5BF29C46640004F8046 /* Frameworks */ = {
			isa = PBXFrameworksBuildPhase;
			buildActionMask = 2147483647;
			files = (
				FE75B60929C470E4004F8046 /* OHHTTPStubs in Frameworks */,
				FE75B60B29C470E4004F8046 /* OHHTTPStubsSwift in Frameworks */,
				FE75B60329C47033004F8046 /* Quick in Frameworks */,
				FE75B60629C47082004F8046 /* Nimble in Frameworks */,
				89AD11C8C57D1609940E1918 /* Pods_VeepeeAssessmentTests.framework in Frameworks */,
				FE75B60029C46F7B004F8046 /* SnapshotTesting in Frameworks */,
			);
			runOnlyForDeploymentPostprocessing = 0;
		};
/* End PBXFrameworksBuildPhase section */

/* Begin PBXGroup section */
		072CFD8941CC1927D394852A /* Frameworks */ = {
			isa = PBXGroup;
			children = (
				A1303DBBC262E33ABBFD5C1B /* Pods_VeepeeAssessment.framework */,
				27C8DE601C250F7AB402EE42 /* Pods_VeepeeAssessmentTests.framework */,
			);
			name = Frameworks;
			sourceTree = "<group>";
		};
		462D8D51D5D9E7C55F691ED3 /* Pods */ = {
			isa = PBXGroup;
			children = (
				B42BB0454344EAA623599BED /* Pods-VeepeeAssessment.debug.xcconfig */,
				60EEA32AC276C0B58A50E2CA /* Pods-VeepeeAssessment.release.xcconfig */,
				D6F81EE0475B0E3C7289DA7D /* Pods-VeepeeAssessmentTests.debug.xcconfig */,
				33E0F4100CC15080E3A63BF0 /* Pods-VeepeeAssessmentTests.release.xcconfig */,
			);
			path = Pods;
			sourceTree = "<group>";
		};
		FE12C13629C4A5C600102C52 /* Router */ = {
			isa = PBXGroup;
			children = (
				FE12C13F29C4AC9E00102C52 /* AppCoordinator.swift */,
				FE12C14129C4ACDA00102C52 /* MainCoordinator.swift */,
			);
			path = Router;
			sourceTree = "<group>";
		};
		FE12C13729C4A5CE00102C52 /* Utils */ = {
			isa = PBXGroup;
			children = (
				FEE2BE1B29C9B48D006C4A93 /* ViewConstants.swift */,
				FEE2BE1F29C9BB59006C4A93 /* DateUtils.swift */,
				FEF33F3929CA68C7000F5445 /* Utils.swift */,
				FEDB849229CB2FCD00797722 /* NetworkMonitorImpl.swift */,
			);
			path = Utils;
			sourceTree = "<group>";
		};
		FE12C13829C4A5D500102C52 /* Views */ = {
			isa = PBXGroup;
			children = (
				FE12C13C29C4A65200102C52 /* Detail */,
				FE12C13B29C4A64C00102C52 /* Home */,
				FE12C13929C4A63F00102C52 /* ScreenStatus.swift */,
			);
			path = Views;
			sourceTree = "<group>";
		};
		FE12C13B29C4A64C00102C52 /* Home */ = {
			isa = PBXGroup;
			children = (
				FE12C13D29C4ABA000102C52 /* HomeView.swift */,
				FE12C14329C4AD3900102C52 /* HomeViewModel.swift */,
				FEE2BE1D29C9BA20006C4A93 /* ForecastUI.swift */,
			);
			path = Home;
			sourceTree = "<group>";
		};
		FE12C13C29C4A65200102C52 /* Detail */ = {
			isa = PBXGroup;
			children = (
				FE12C14529C4ADC700102C52 /* DetailView.swift */,
				FE12C14729C4ADE700102C52 /* DetailViewModel.swift */,
				FEF33F3729CA6224000F5445 /* ForecastDetailUI.swift */,
			);
			path = Detail;
			sourceTree = "<group>";
		};
		FE4381BB29CB72EC00CE0439 /* Data */ = {
			isa = PBXGroup;
			children = (
				FE4381EC29CB758A00CE0439 /* UrlSessionApiClientSpec.swift */,
				FE4381EE29CB77B800CE0439 /* forecast.json */,
				FE4381F029CBAE0000CE0439 /* ForecastRepositorySpec.swift */,
				FE4381F429CBC4DC00CE0439 /* ForecastApiDataSourceSpec.swift */,
			);
			path = Data;
			sourceTree = "<group>";
		};
		FE4381BC29CB72EF00CE0439 /* Domain */ = {
			isa = PBXGroup;
			children = (
			);
			path = Domain;
			sourceTree = "<group>";
		};
		FE4381BD29CB72F300CE0439 /* Presentation */ = {
			isa = PBXGroup;
			children = (
			);
			path = Presentation;
			sourceTree = "<group>";
		};
		FE4381BE29CB72F900CE0439 /* Utils */ = {
			isa = PBXGroup;
			children = (
				FE4381BF29CB731700CE0439 /* ObjectMother.swift */,
				FE4381EA29CB741A00CE0439 /* Mocks.swift */,
			);
			path = Utils;
			sourceTree = "<group>";
		};
		FE75B5A429C4663E004F8046 = {
			isa = PBXGroup;
			children = (
				FE75B5AF29C4663E004F8046 /* VeepeeAssessment */,
				FE75B5C529C46640004F8046 /* VeepeeAssessmentTests */,
				FE75B5AE29C4663E004F8046 /* Products */,
				462D8D51D5D9E7C55F691ED3 /* Pods */,
				072CFD8941CC1927D394852A /* Frameworks */,
			);
			sourceTree = "<group>";
		};
		FE75B5AE29C4663E004F8046 /* Products */ = {
			isa = PBXGroup;
			children = (
				FE75B5AD29C4663E004F8046 /* VeepeeAssessment.app */,
				FE75B5C229C46640004F8046 /* VeepeeAssessmentTests.xctest */,
			);
			name = Products;
			sourceTree = "<group>";
		};
		FE75B5AF29C4663E004F8046 /* VeepeeAssessment */ = {
			isa = PBXGroup;
			children = (
				FEE2BE2529C9E1C8006C4A93 /* Info.plist */,
				FE75B60C29C47114004F8046 /* Factory.swift */,
				FE75B5B029C4663E004F8046 /* VeepeeAssessmentApp.swift */,
				FE75B5B429C46640004F8046 /* Assets.xcassets */,
				FE75B5DF29C467FE004F8046 /* Data */,
				FE75B5E029C46802004F8046 /* Domain */,
				FE75B5E129C46807004F8046 /* Presentation */,
				FE75B5B629C46640004F8046 /* Preview Content */,
			);
			path = VeepeeAssessment;
			sourceTree = "<group>";
		};
		FE75B5B629C46640004F8046 /* Preview Content */ = {
			isa = PBXGroup;
			children = (
				FE75B5B729C46640004F8046 /* Preview Assets.xcassets */,
			);
			path = "Preview Content";
			sourceTree = "<group>";
		};
		FE75B5C529C46640004F8046 /* VeepeeAssessmentTests */ = {
			isa = PBXGroup;
			children = (
				FE4381BB29CB72EC00CE0439 /* Data */,
				FE4381BC29CB72EF00CE0439 /* Domain */,
				FE4381BD29CB72F300CE0439 /* Presentation */,
				FE4381BE29CB72F900CE0439 /* Utils */,
			);
			path = VeepeeAssessmentTests;
			sourceTree = "<group>";
		};
		FE75B5DF29C467FE004F8046 /* Data */ = {
			isa = PBXGroup;
			children = (
				FEDB848629CB12F100797722 /* Utils */,
				FEDB848329CB024E00797722 /* Persistence */,
				FE75B5E229C46835004F8046 /* ApiClient */,
				FE75B5E329C4683F004F8046 /* Dto */,
				FE75B5E429C46846004F8046 /* Mappers */,
				FE75B5E529C4684F004F8046 /* Repositories */,
			);
			path = Data;
			sourceTree = "<group>";
		};
		FE75B5E029C46802004F8046 /* Domain */ = {
			isa = PBXGroup;
			children = (
				FE75B62C29C4877B004F8046 /* UseCases */,
				FE75B60E29C47130004F8046 /* Repositories */,
				FE75B5E929C468B9004F8046 /* Models */,
				FE75B62F29C48816004F8046 /* DomainConstants.swift */,
			);
			path = Domain;
			sourceTree = "<group>";
		};
		FE75B5E129C46807004F8046 /* Presentation */ = {
			isa = PBXGroup;
			children = (
				FE12C13829C4A5D500102C52 /* Views */,
				FE12C13729C4A5CE00102C52 /* Utils */,
				FE12C13629C4A5C600102C52 /* Router */,
			);
			path = Presentation;
			sourceTree = "<group>";
		};
		FE75B5E229C46835004F8046 /* ApiClient */ = {
			isa = PBXGroup;
			children = (
				FE75B5EC29C46948004F8046 /* ApiClientError.swift */,
				FE75B5E729C4689F004F8046 /* ApiClient.swift */,
				FE75B5EE29C46962004F8046 /* UrlSessionApiClient.swift */,
				FE75B5F129C46A4C004F8046 /* HttpMethod.swift */,
				FE75B61C29C476BB004F8046 /* ApiConstants.swift */,
			);
			path = ApiClient;
			sourceTree = "<group>";
		};
		FE75B5E329C4683F004F8046 /* Dto */ = {
			isa = PBXGroup;
			children = (
				FE75B62829C47F07004F8046 /* WindDto.swift */,
				FE75B5F329C46B0D004F8046 /* ForecastDto.swift */,
				FE75B62229C47B94004F8046 /* ForecastMainDto.swift */,
				FE75B62429C47D78004F8046 /* WeatherDto.swift */,
				FEE2BE2629C9EC2D006C4A93 /* ForecastListDto.swift */,
			);
			path = Dto;
			sourceTree = "<group>";
		};
		FE75B5E429C46846004F8046 /* Mappers */ = {
			isa = PBXGroup;
			children = (
				FE75B61E29C478ED004F8046 /* ApiDtoMapper.swift */,
				FE75B62029C47955004F8046 /* LocalDtoMapper.swift */,
			);
			path = Mappers;
			sourceTree = "<group>";
		};
		FE75B5E529C4684F004F8046 /* Repositories */ = {
			isa = PBXGroup;
			children = (
				FE75B5E629C46859004F8046 /* ForecastRepository */,
			);
			path = Repositories;
			sourceTree = "<group>";
		};
		FE75B5E629C46859004F8046 /* ForecastRepository */ = {
			isa = PBXGroup;
			children = (
				FE75B61529C472AD004F8046 /* ForecastRepositoryImpl.swift */,
				FE75B61729C47363004F8046 /* ForecastDataSource.swift */,
				FE75B61929C473AC004F8046 /* ForecastApiDataSource.swift */,
				FEDB848429CB0F1D00797722 /* ForecastLocalDataSource.swift */,
			);
			path = ForecastRepository;
			sourceTree = "<group>";
		};
		FE75B5E929C468B9004F8046 /* Models */ = {
			isa = PBXGroup;
			children = (
				FE75B5EA29C468CF004F8046 /* DomainError.swift */,
				FE75B61129C47206004F8046 /* Forecast.swift */,
				FE12C13229C4A0C400102C52 /* Wind.swift */,
				FE12C13429C4A47800102C52 /* Weather.swift */,
				FEDB848C29CB235400797722 /* Clock.swift */,
				FEDB849029CB2F3A00797722 /* NetworkMonitor.swift */,
			);
			path = Models;
			sourceTree = "<group>";
		};
		FE75B60E29C47130004F8046 /* Repositories */ = {
			isa = PBXGroup;
			children = (
				FE75B60F29C47146004F8046 /* ForecastRepository.swift */,
			);
			path = Repositories;
			sourceTree = "<group>";
		};
		FE75B62C29C4877B004F8046 /* UseCases */ = {
			isa = PBXGroup;
			children = (
				FE75B62D29C4878C004F8046 /* GetForecastListUseCase.swift */,
				FEF33F3529CA5EFC000F5445 /* GetForecastUseCase.swift */,
			);
			path = UseCases;
			sourceTree = "<group>";
		};
		FEDB848329CB024E00797722 /* Persistence */ = {
			isa = PBXGroup;
			children = (
				FEDB848E29CB256B00797722 /* UserDefaults.swift */,
				FE75B5BB29C46640004F8046 /* VeepeeAssessment.xcdatamodeld */,
			);
			path = Persistence;
			sourceTree = "<group>";
		};
		FEDB848629CB12F100797722 /* Utils */ = {
			isa = PBXGroup;
			children = (
				FEDB849429CB300700797722 /* ClockImpl.swift */,
			);
			path = Utils;
			sourceTree = "<group>";
		};
/* End PBXGroup section */

/* Begin PBXNativeTarget section */
		FE75B5AC29C4663E004F8046 /* VeepeeAssessment */ = {
			isa = PBXNativeTarget;
			buildConfigurationList = FE75B5D629C46640004F8046 /* Build configuration list for PBXNativeTarget "VeepeeAssessment" */;
			buildPhases = (
				04199863B48AA13BA2193910 /* [CP] Check Pods Manifest.lock */,
				FE75B5A929C4663E004F8046 /* Sources */,
				FE75B5AA29C4663E004F8046 /* Frameworks */,
				FE75B5AB29C4663E004F8046 /* Resources */,
				FE75B5F729C46E7E004F8046 /* SwiftLint */,
			);
			buildRules = (
			);
			dependencies = (
			);
			name = VeepeeAssessment;
			packageProductDependencies = (
				FE75B5F929C46F38004F8046 /* Stinsen */,
				FE75B5FC29C46F55004F8046 /* Factory */,
				FEF33F3329CA5A4D000F5445 /* CachedAsyncImage */,
			);
			productName = VeepeeAssessment;
			productReference = FE75B5AD29C4663E004F8046 /* VeepeeAssessment.app */;
			productType = "com.apple.product-type.application";
		};
		FE75B5C129C46640004F8046 /* VeepeeAssessmentTests */ = {
			isa = PBXNativeTarget;
			buildConfigurationList = FE75B5D929C46640004F8046 /* Build configuration list for PBXNativeTarget "VeepeeAssessmentTests" */;
			buildPhases = (
				2E5406645894406C8AB7975D /* [CP] Check Pods Manifest.lock */,
				FE75B5BE29C46640004F8046 /* Sources */,
				FE75B5BF29C46640004F8046 /* Frameworks */,
				FE75B5C029C46640004F8046 /* Resources */,
			);
			buildRules = (
			);
			dependencies = (
				FE75B5C429C46640004F8046 /* PBXTargetDependency */,
			);
			name = VeepeeAssessmentTests;
			packageProductDependencies = (
				FE75B5FF29C46F7B004F8046 /* SnapshotTesting */,
				FE75B60229C47033004F8046 /* Quick */,
				FE75B60529C47082004F8046 /* Nimble */,
				FE75B60829C470E4004F8046 /* OHHTTPStubs */,
				FE75B60A29C470E4004F8046 /* OHHTTPStubsSwift */,
			);
			productName = VeepeeAssessmentTests;
			productReference = FE75B5C229C46640004F8046 /* VeepeeAssessmentTests.xctest */;
			productType = "com.apple.product-type.bundle.unit-test";
		};
/* End PBXNativeTarget section */

/* Begin PBXProject section */
		FE75B5A529C4663E004F8046 /* Project object */ = {
			isa = PBXProject;
			attributes = {
				BuildIndependentTargetsInParallel = 1;
				LastSwiftUpdateCheck = 1420;
				LastUpgradeCheck = 1420;
				TargetAttributes = {
					FE75B5AC29C4663E004F8046 = {
						CreatedOnToolsVersion = 14.2;
					};
					FE75B5C129C46640004F8046 = {
						CreatedOnToolsVersion = 14.2;
						TestTargetID = FE75B5AC29C4663E004F8046;
					};
				};
			};
			buildConfigurationList = FE75B5A829C4663E004F8046 /* Build configuration list for PBXProject "VeepeeAssessment" */;
			compatibilityVersion = "Xcode 14.0";
			developmentRegion = en;
			hasScannedForEncodings = 0;
			knownRegions = (
				en,
				Base,
			);
			mainGroup = FE75B5A429C4663E004F8046;
			packageReferences = (
				FE75B5F829C46F38004F8046 /* XCRemoteSwiftPackageReference "stinsen" */,
				FE75B5FB29C46F55004F8046 /* XCRemoteSwiftPackageReference "Factory" */,
				FE75B5FE29C46F7B004F8046 /* XCRemoteSwiftPackageReference "swift-snapshot-testing" */,
				FE75B60129C47033004F8046 /* XCRemoteSwiftPackageReference "Quick" */,
				FE75B60429C47082004F8046 /* XCRemoteSwiftPackageReference "Nimble" */,
				FE75B60729C470E4004F8046 /* XCRemoteSwiftPackageReference "OHHTTPStubs" */,
				FEF33F3229CA5A4D000F5445 /* XCRemoteSwiftPackageReference "swiftui-cached-async-image" */,
			);
			productRefGroup = FE75B5AE29C4663E004F8046 /* Products */;
			projectDirPath = "";
			projectRoot = "";
			targets = (
				FE75B5AC29C4663E004F8046 /* VeepeeAssessment */,
				FE75B5C129C46640004F8046 /* VeepeeAssessmentTests */,
			);
		};
/* End PBXProject section */

/* Begin PBXResourcesBuildPhase section */
		FE75B5AB29C4663E004F8046 /* Resources */ = {
			isa = PBXResourcesBuildPhase;
			buildActionMask = 2147483647;
			files = (
				FE75B5B829C46640004F8046 /* Preview Assets.xcassets in Resources */,
				FE75B5B529C46640004F8046 /* Assets.xcassets in Resources */,
			);
			runOnlyForDeploymentPostprocessing = 0;
		};
		FE75B5C029C46640004F8046 /* Resources */ = {
			isa = PBXResourcesBuildPhase;
			buildActionMask = 2147483647;
			files = (
				FE4381EF29CB77B800CE0439 /* forecast.json in Resources */,
			);
			runOnlyForDeploymentPostprocessing = 0;
		};
/* End PBXResourcesBuildPhase section */

/* Begin PBXShellScriptBuildPhase section */
		04199863B48AA13BA2193910 /* [CP] Check Pods Manifest.lock */ = {
			isa = PBXShellScriptBuildPhase;
			buildActionMask = 2147483647;
			files = (
			);
			inputFileListPaths = (
			);
			inputPaths = (
				"${PODS_PODFILE_DIR_PATH}/Podfile.lock",
				"${PODS_ROOT}/Manifest.lock",
			);
			name = "[CP] Check Pods Manifest.lock";
			outputFileListPaths = (
			);
			outputPaths = (
				"$(DERIVED_FILE_DIR)/Pods-VeepeeAssessment-checkManifestLockResult.txt",
			);
			runOnlyForDeploymentPostprocessing = 0;
			shellPath = /bin/sh;
			shellScript = "diff \"${PODS_PODFILE_DIR_PATH}/Podfile.lock\" \"${PODS_ROOT}/Manifest.lock\" > /dev/null\nif [ $? != 0 ] ; then\n    # print error to STDERR\n    echo \"error: The sandbox is not in sync with the Podfile.lock. Run 'pod install' or update your CocoaPods installation.\" >&2\n    exit 1\nfi\n# This output is used by Xcode 'outputs' to avoid re-running this script phase.\necho \"SUCCESS\" > \"${SCRIPT_OUTPUT_FILE_0}\"\n";
			showEnvVarsInLog = 0;
		};
		2E5406645894406C8AB7975D /* [CP] Check Pods Manifest.lock */ = {
			isa = PBXShellScriptBuildPhase;
			buildActionMask = 2147483647;
			files = (
			);
			inputFileListPaths = (
			);
			inputPaths = (
				"${PODS_PODFILE_DIR_PATH}/Podfile.lock",
				"${PODS_ROOT}/Manifest.lock",
			);
			name = "[CP] Check Pods Manifest.lock";
			outputFileListPaths = (
			);
			outputPaths = (
				"$(DERIVED_FILE_DIR)/Pods-VeepeeAssessmentTests-checkManifestLockResult.txt",
			);
			runOnlyForDeploymentPostprocessing = 0;
			shellPath = /bin/sh;
			shellScript = "diff \"${PODS_PODFILE_DIR_PATH}/Podfile.lock\" \"${PODS_ROOT}/Manifest.lock\" > /dev/null\nif [ $? != 0 ] ; then\n    # print error to STDERR\n    echo \"error: The sandbox is not in sync with the Podfile.lock. Run 'pod install' or update your CocoaPods installation.\" >&2\n    exit 1\nfi\n# This output is used by Xcode 'outputs' to avoid re-running this script phase.\necho \"SUCCESS\" > \"${SCRIPT_OUTPUT_FILE_0}\"\n";
			showEnvVarsInLog = 0;
		};
		FE75B5F729C46E7E004F8046 /* SwiftLint */ = {
			isa = PBXShellScriptBuildPhase;
			alwaysOutOfDate = 1;
			buildActionMask = 2147483647;
			files = (
			);
			inputFileListPaths = (
			);
			inputPaths = (
			);
			name = SwiftLint;
			outputFileListPaths = (
			);
			outputPaths = (
			);
			runOnlyForDeploymentPostprocessing = 0;
			shellPath = /bin/sh;
			shellScript = "${PODS_ROOT}/SwiftLint/swiftlint\n";
		};
/* End PBXShellScriptBuildPhase section */

/* Begin PBXSourcesBuildPhase section */
		FE75B5A929C4663E004F8046 /* Sources */ = {
			isa = PBXSourcesBuildPhase;
			buildActionMask = 2147483647;
			files = (
				FE75B5ED29C46948004F8046 /* ApiClientError.swift in Sources */,
				FE75B63029C48816004F8046 /* DomainConstants.swift in Sources */,
				FE75B5EB29C468CF004F8046 /* DomainError.swift in Sources */,
				FEF33F3629CA5EFC000F5445 /* GetForecastUseCase.swift in Sources */,
				FEE2BE1E29C9BA20006C4A93 /* ForecastUI.swift in Sources */,
				FEDB848D29CB235400797722 /* Clock.swift in Sources */,
				FE12C14429C4AD3900102C52 /* HomeViewModel.swift in Sources */,
				FE75B61A29C473AC004F8046 /* ForecastApiDataSource.swift in Sources */,
				FE75B61829C47363004F8046 /* ForecastDataSource.swift in Sources */,
				FE75B62329C47B94004F8046 /* ForecastMainDto.swift in Sources */,
				FE75B61F29C478ED004F8046 /* ApiDtoMapper.swift in Sources */,
				FE75B62129C47955004F8046 /* LocalDtoMapper.swift in Sources */,
				FE75B61D29C476BB004F8046 /* ApiConstants.swift in Sources */,
				FEDB849529CB300700797722 /* ClockImpl.swift in Sources */,
				FE75B60D29C47114004F8046 /* Factory.swift in Sources */,
				FEE2BE2029C9BB59006C4A93 /* DateUtils.swift in Sources */,
				FEF33F3A29CA68C7000F5445 /* Utils.swift in Sources */,
				FE12C14029C4AC9E00102C52 /* AppCoordinator.swift in Sources */,
				FE12C13E29C4ABA000102C52 /* HomeView.swift in Sources */,
				FE75B62E29C4878C004F8046 /* GetForecastListUseCase.swift in Sources */,
				FE12C14629C4ADC700102C52 /* DetailView.swift in Sources */,
				FE12C14829C4ADE700102C52 /* DetailViewModel.swift in Sources */,
				FEE2BE2729C9EC2D006C4A93 /* ForecastListDto.swift in Sources */,
				FE12C13529C4A47800102C52 /* Weather.swift in Sources */,
				FE75B5BD29C46640004F8046 /* VeepeeAssessment.xcdatamodeld in Sources */,
				FE75B5F229C46A4C004F8046 /* HttpMethod.swift in Sources */,
				FEDB848F29CB256B00797722 /* UserDefaults.swift in Sources */,
				FE75B62929C47F07004F8046 /* WindDto.swift in Sources */,
				FE12C13A29C4A63F00102C52 /* ScreenStatus.swift in Sources */,
				FE12C14229C4ACDA00102C52 /* MainCoordinator.swift in Sources */,
				FEDB849129CB2F3A00797722 /* NetworkMonitor.swift in Sources */,
				FEDB849329CB2FCD00797722 /* NetworkMonitorImpl.swift in Sources */,
				FE75B61029C47146004F8046 /* ForecastRepository.swift in Sources */,
				FE75B61229C47206004F8046 /* Forecast.swift in Sources */,
				FE75B5F429C46B0D004F8046 /* ForecastDto.swift in Sources */,
				FE75B62529C47D78004F8046 /* WeatherDto.swift in Sources */,
				FEE2BE1C29C9B48D006C4A93 /* ViewConstants.swift in Sources */,
				FE75B5EF29C46962004F8046 /* UrlSessionApiClient.swift in Sources */,
				FEF33F3829CA6224000F5445 /* ForecastDetailUI.swift in Sources */,
				FE75B61629C472AD004F8046 /* ForecastRepositoryImpl.swift in Sources */,
				FE75B5B129C4663E004F8046 /* VeepeeAssessmentApp.swift in Sources */,
				FE75B5E829C4689F004F8046 /* ApiClient.swift in Sources */,
				FE12C13329C4A0C400102C52 /* Wind.swift in Sources */,
				FEDB848529CB0F1D00797722 /* ForecastLocalDataSource.swift in Sources */,
			);
			runOnlyForDeploymentPostprocessing = 0;
		};
		FE75B5BE29C46640004F8046 /* Sources */ = {
			isa = PBXSourcesBuildPhase;
			buildActionMask = 2147483647;
			files = (
				FE4381D129CB73DE00CE0439 /* ForecastLocalDataSource.swift in Sources */,
				FE4381E829CB740400CE0439 /* MainCoordinator.swift in Sources */,
				FE4381D729CB73EB00CE0439 /* Wind.swift in Sources */,
				FE4381ED29CB758A00CE0439 /* UrlSessionApiClientSpec.swift in Sources */,
				FE4381C229CB73D000CE0439 /* ClockImpl.swift in Sources */,
				FE4381CB29CB73D600CE0439 /* WeatherDto.swift in Sources */,
				FE4381E929CB740400CE0439 /* AppCoordinator.swift in Sources */,
				FE4381CA29CB73D600CE0439 /* WindDto.swift in Sources */,
				FE4381E029CB73FA00CE0439 /* HomeView.swift in Sources */,
				FE4381E529CB740000CE0439 /* ViewConstants.swift in Sources */,
				FE4381CE29CB73DA00CE0439 /* ApiDtoMapper.swift in Sources */,
				FE4381DD29CB73F600CE0439 /* ForecastDetailUI.swift in Sources */,
				FE4381C629CB73D000CE0439 /* ApiClientError.swift in Sources */,
				FE4381C029CB731700CE0439 /* ObjectMother.swift in Sources */,
				FE4381D829CB73EB00CE0439 /* NetworkMonitor.swift in Sources */,
				FE4381DB29CB73EB00CE0439 /* Forecast.swift in Sources */,
				FE4381EB29CB741A00CE0439 /* Mocks.swift in Sources */,
				FE4381D329CB73E100CE0439 /* GetForecastUseCase.swift in Sources */,
				FE4381E729CB740000CE0439 /* Utils.swift in Sources */,
				FE4381D229CB73DE00CE0439 /* ForecastRepositoryImpl.swift in Sources */,
				FE4381C129CB73D000CE0439 /* UrlSessionApiClient.swift in Sources */,
				FE4381E629CB740000CE0439 /* DateUtils.swift in Sources */,
				FE4381D929CB73EB00CE0439 /* Weather.swift in Sources */,
				FE4381D029CB73DE00CE0439 /* ForecastApiDataSource.swift in Sources */,
				FE4381F329CBB23600CE0439 /* VeepeeAssessment.xcdatamodeld in Sources */,
				FE4381F129CBAE0000CE0439 /* ForecastRepositorySpec.swift in Sources */,
				FE4381D529CB73E600CE0439 /* ForecastRepository.swift in Sources */,
				FE4381E229CB73FA00CE0439 /* HomeViewModel.swift in Sources */,
				FE4381CD29CB73DA00CE0439 /* LocalDtoMapper.swift in Sources */,
				FE4381E429CB740000CE0439 /* NetworkMonitorImpl.swift in Sources */,
				FE4381CC29CB73D600CE0439 /* ForecastMainDto.swift in Sources */,
				FE4381C729CB73D000CE0439 /* ApiConstants.swift in Sources */,
				FE4381C429CB73D000CE0439 /* HttpMethod.swift in Sources */,
				FE4381F529CBC4DC00CE0439 /* ForecastApiDataSourceSpec.swift in Sources */,
				FE4381DC29CB73EE00CE0439 /* DomainConstants.swift in Sources */,
				FE4381CF29CB73DE00CE0439 /* ForecastDataSource.swift in Sources */,
				FE4381D629CB73EB00CE0439 /* Clock.swift in Sources */,
				FE4381E129CB73FA00CE0439 /* ForecastUI.swift in Sources */,
				FE4381DE29CB73F600CE0439 /* DetailView.swift in Sources */,
				FE4381C929CB73D600CE0439 /* ForecastDto.swift in Sources */,
				FE4381F229CBB21C00CE0439 /* Factory.swift in Sources */,
				FE4381C529CB73D000CE0439 /* UserDefaults.swift in Sources */,
				FE4381D429CB73E100CE0439 /* GetForecastListUseCase.swift in Sources */,
				FE4381C829CB73D600CE0439 /* ForecastListDto.swift in Sources */,
				FE4381DA29CB73EB00CE0439 /* DomainError.swift in Sources */,
				FE4381DF29CB73F600CE0439 /* DetailViewModel.swift in Sources */,
				FE4381E329CB73FC00CE0439 /* ScreenStatus.swift in Sources */,
				FE4381C329CB73D000CE0439 /* ApiClient.swift in Sources */,
			);
			runOnlyForDeploymentPostprocessing = 0;
		};
/* End PBXSourcesBuildPhase section */

/* Begin PBXTargetDependency section */
		FE75B5C429C46640004F8046 /* PBXTargetDependency */ = {
			isa = PBXTargetDependency;
			target = FE75B5AC29C4663E004F8046 /* VeepeeAssessment */;
			targetProxy = FE75B5C329C46640004F8046 /* PBXContainerItemProxy */;
		};
/* End PBXTargetDependency section */

/* Begin XCBuildConfiguration section */
		FE75B5D429C46640004F8046 /* Debug */ = {
			isa = XCBuildConfiguration;
			buildSettings = {
				ALWAYS_SEARCH_USER_PATHS = NO;
				CLANG_ANALYZER_NONNULL = YES;
				CLANG_ANALYZER_NUMBER_OBJECT_CONVERSION = YES_AGGRESSIVE;
				CLANG_CXX_LANGUAGE_STANDARD = "gnu++20";
				CLANG_ENABLE_MODULES = YES;
				CLANG_ENABLE_OBJC_ARC = YES;
				CLANG_ENABLE_OBJC_WEAK = YES;
				CLANG_WARN_BLOCK_CAPTURE_AUTORELEASING = YES;
				CLANG_WARN_BOOL_CONVERSION = YES;
				CLANG_WARN_COMMA = YES;
				CLANG_WARN_CONSTANT_CONVERSION = YES;
				CLANG_WARN_DEPRECATED_OBJC_IMPLEMENTATIONS = YES;
				CLANG_WARN_DIRECT_OBJC_ISA_USAGE = YES_ERROR;
				CLANG_WARN_DOCUMENTATION_COMMENTS = YES;
				CLANG_WARN_EMPTY_BODY = YES;
				CLANG_WARN_ENUM_CONVERSION = YES;
				CLANG_WARN_INFINITE_RECURSION = YES;
				CLANG_WARN_INT_CONVERSION = YES;
				CLANG_WARN_NON_LITERAL_NULL_CONVERSION = YES;
				CLANG_WARN_OBJC_IMPLICIT_RETAIN_SELF = YES;
				CLANG_WARN_OBJC_LITERAL_CONVERSION = YES;
				CLANG_WARN_OBJC_ROOT_CLASS = YES_ERROR;
				CLANG_WARN_QUOTED_INCLUDE_IN_FRAMEWORK_HEADER = YES;
				CLANG_WARN_RANGE_LOOP_ANALYSIS = YES;
				CLANG_WARN_STRICT_PROTOTYPES = YES;
				CLANG_WARN_SUSPICIOUS_MOVE = YES;
				CLANG_WARN_UNGUARDED_AVAILABILITY = YES_AGGRESSIVE;
				CLANG_WARN_UNREACHABLE_CODE = YES;
				CLANG_WARN__DUPLICATE_METHOD_MATCH = YES;
				COPY_PHASE_STRIP = NO;
				DEBUG_INFORMATION_FORMAT = dwarf;
				ENABLE_STRICT_OBJC_MSGSEND = YES;
				ENABLE_TESTABILITY = YES;
				GCC_C_LANGUAGE_STANDARD = gnu11;
				GCC_DYNAMIC_NO_PIC = NO;
				GCC_NO_COMMON_BLOCKS = YES;
				GCC_OPTIMIZATION_LEVEL = 0;
				GCC_PREPROCESSOR_DEFINITIONS = (
					"DEBUG=1",
					"$(inherited)",
				);
				GCC_WARN_64_TO_32_BIT_CONVERSION = YES;
				GCC_WARN_ABOUT_RETURN_TYPE = YES_ERROR;
				GCC_WARN_UNDECLARED_SELECTOR = YES;
				GCC_WARN_UNINITIALIZED_AUTOS = YES_AGGRESSIVE;
				GCC_WARN_UNUSED_FUNCTION = YES;
				GCC_WARN_UNUSED_VARIABLE = YES;
				IPHONEOS_DEPLOYMENT_TARGET = 16.2;
				MTL_ENABLE_DEBUG_INFO = INCLUDE_SOURCE;
				MTL_FAST_MATH = YES;
				ONLY_ACTIVE_ARCH = YES;
				SDKROOT = iphoneos;
				SWIFT_ACTIVE_COMPILATION_CONDITIONS = DEBUG;
				SWIFT_OPTIMIZATION_LEVEL = "-Onone";
			};
			name = Debug;
		};
		FE75B5D529C46640004F8046 /* Release */ = {
			isa = XCBuildConfiguration;
			buildSettings = {
				ALWAYS_SEARCH_USER_PATHS = NO;
				CLANG_ANALYZER_NONNULL = YES;
				CLANG_ANALYZER_NUMBER_OBJECT_CONVERSION = YES_AGGRESSIVE;
				CLANG_CXX_LANGUAGE_STANDARD = "gnu++20";
				CLANG_ENABLE_MODULES = YES;
				CLANG_ENABLE_OBJC_ARC = YES;
				CLANG_ENABLE_OBJC_WEAK = YES;
				CLANG_WARN_BLOCK_CAPTURE_AUTORELEASING = YES;
				CLANG_WARN_BOOL_CONVERSION = YES;
				CLANG_WARN_COMMA = YES;
				CLANG_WARN_CONSTANT_CONVERSION = YES;
				CLANG_WARN_DEPRECATED_OBJC_IMPLEMENTATIONS = YES;
				CLANG_WARN_DIRECT_OBJC_ISA_USAGE = YES_ERROR;
				CLANG_WARN_DOCUMENTATION_COMMENTS = YES;
				CLANG_WARN_EMPTY_BODY = YES;
				CLANG_WARN_ENUM_CONVERSION = YES;
				CLANG_WARN_INFINITE_RECURSION = YES;
				CLANG_WARN_INT_CONVERSION = YES;
				CLANG_WARN_NON_LITERAL_NULL_CONVERSION = YES;
				CLANG_WARN_OBJC_IMPLICIT_RETAIN_SELF = YES;
				CLANG_WARN_OBJC_LITERAL_CONVERSION = YES;
				CLANG_WARN_OBJC_ROOT_CLASS = YES_ERROR;
				CLANG_WARN_QUOTED_INCLUDE_IN_FRAMEWORK_HEADER = YES;
				CLANG_WARN_RANGE_LOOP_ANALYSIS = YES;
				CLANG_WARN_STRICT_PROTOTYPES = YES;
				CLANG_WARN_SUSPICIOUS_MOVE = YES;
				CLANG_WARN_UNGUARDED_AVAILABILITY = YES_AGGRESSIVE;
				CLANG_WARN_UNREACHABLE_CODE = YES;
				CLANG_WARN__DUPLICATE_METHOD_MATCH = YES;
				COPY_PHASE_STRIP = NO;
				DEBUG_INFORMATION_FORMAT = "dwarf-with-dsym";
				ENABLE_NS_ASSERTIONS = NO;
				ENABLE_STRICT_OBJC_MSGSEND = YES;
				GCC_C_LANGUAGE_STANDARD = gnu11;
				GCC_NO_COMMON_BLOCKS = YES;
				GCC_WARN_64_TO_32_BIT_CONVERSION = YES;
				GCC_WARN_ABOUT_RETURN_TYPE = YES_ERROR;
				GCC_WARN_UNDECLARED_SELECTOR = YES;
				GCC_WARN_UNINITIALIZED_AUTOS = YES_AGGRESSIVE;
				GCC_WARN_UNUSED_FUNCTION = YES;
				GCC_WARN_UNUSED_VARIABLE = YES;
				IPHONEOS_DEPLOYMENT_TARGET = 16.2;
				MTL_ENABLE_DEBUG_INFO = NO;
				MTL_FAST_MATH = YES;
				SDKROOT = iphoneos;
				SWIFT_COMPILATION_MODE = wholemodule;
				SWIFT_OPTIMIZATION_LEVEL = "-O";
				VALIDATE_PRODUCT = YES;
			};
			name = Release;
		};
		FE75B5D729C46640004F8046 /* Debug */ = {
			isa = XCBuildConfiguration;
			baseConfigurationReference = B42BB0454344EAA623599BED /* Pods-VeepeeAssessment.debug.xcconfig */;
			buildSettings = {
				ASSETCATALOG_COMPILER_APPICON_NAME = AppIcon;
				ASSETCATALOG_COMPILER_GLOBAL_ACCENT_COLOR_NAME = AccentColor;
				CODE_SIGN_STYLE = Automatic;
				CURRENT_PROJECT_VERSION = 1;
				DEVELOPMENT_ASSET_PATHS = "\"VeepeeAssessment/Preview Content\"";
				DEVELOPMENT_TEAM = SVW6HF2MTV;
				ENABLE_PREVIEWS = YES;
				GENERATE_INFOPLIST_FILE = YES;
				INFOPLIST_FILE = VeepeeAssessment/Info.plist;
				INFOPLIST_KEY_LSApplicationCategoryType = "";
				INFOPLIST_KEY_UIApplicationSupportsIndirectInputEvents = YES;
				INFOPLIST_KEY_UILaunchScreen_Generation = YES;
				INFOPLIST_KEY_UISupportedInterfaceOrientations_iPad = "UIInterfaceOrientationPortrait UIInterfaceOrientationPortraitUpsideDown UIInterfaceOrientationLandscapeLeft UIInterfaceOrientationLandscapeRight";
				INFOPLIST_KEY_UISupportedInterfaceOrientations_iPhone = "UIInterfaceOrientationPortrait UIInterfaceOrientationLandscapeLeft UIInterfaceOrientationLandscapeRight";
				LD_RUNPATH_SEARCH_PATHS = (
					"$(inherited)",
					"@executable_path/Frameworks",
				);
				MARKETING_VERSION = 1.0;
				PRODUCT_BUNDLE_IDENTIFIER = com.yeniellandestoy.VeepeeAssessment;
				PRODUCT_NAME = "$(TARGET_NAME)";
				SWIFT_EMIT_LOC_STRINGS = YES;
				SWIFT_VERSION = 5.0;
				TARGETED_DEVICE_FAMILY = "1,2";
			};
			name = Debug;
		};
		FE75B5D829C46640004F8046 /* Release */ = {
			isa = XCBuildConfiguration;
			baseConfigurationReference = 60EEA32AC276C0B58A50E2CA /* Pods-VeepeeAssessment.release.xcconfig */;
			buildSettings = {
				ASSETCATALOG_COMPILER_APPICON_NAME = AppIcon;
				ASSETCATALOG_COMPILER_GLOBAL_ACCENT_COLOR_NAME = AccentColor;
				CODE_SIGN_STYLE = Automatic;
				CURRENT_PROJECT_VERSION = 1;
				DEVELOPMENT_ASSET_PATHS = "\"VeepeeAssessment/Preview Content\"";
				DEVELOPMENT_TEAM = SVW6HF2MTV;
				ENABLE_PREVIEWS = YES;
				GENERATE_INFOPLIST_FILE = YES;
				INFOPLIST_FILE = VeepeeAssessment/Info.plist;
				INFOPLIST_KEY_LSApplicationCategoryType = "";
				INFOPLIST_KEY_UIApplicationSupportsIndirectInputEvents = YES;
				INFOPLIST_KEY_UILaunchScreen_Generation = YES;
				INFOPLIST_KEY_UISupportedInterfaceOrientations_iPad = "UIInterfaceOrientationPortrait UIInterfaceOrientationPortraitUpsideDown UIInterfaceOrientationLandscapeLeft UIInterfaceOrientationLandscapeRight";
				INFOPLIST_KEY_UISupportedInterfaceOrientations_iPhone = "UIInterfaceOrientationPortrait UIInterfaceOrientationLandscapeLeft UIInterfaceOrientationLandscapeRight";
				LD_RUNPATH_SEARCH_PATHS = (
					"$(inherited)",
					"@executable_path/Frameworks",
				);
				MARKETING_VERSION = 1.0;
				PRODUCT_BUNDLE_IDENTIFIER = com.yeniellandestoy.VeepeeAssessment;
				PRODUCT_NAME = "$(TARGET_NAME)";
				SWIFT_EMIT_LOC_STRINGS = YES;
				SWIFT_VERSION = 5.0;
				TARGETED_DEVICE_FAMILY = "1,2";
			};
			name = Release;
		};
		FE75B5DA29C46640004F8046 /* Debug */ = {
			isa = XCBuildConfiguration;
			baseConfigurationReference = D6F81EE0475B0E3C7289DA7D /* Pods-VeepeeAssessmentTests.debug.xcconfig */;
			buildSettings = {
				ALWAYS_EMBED_SWIFT_STANDARD_LIBRARIES = YES;
				BUNDLE_LOADER = "$(TEST_HOST)";
				CODE_SIGN_STYLE = Automatic;
				CURRENT_PROJECT_VERSION = 1;
				DEVELOPMENT_TEAM = SVW6HF2MTV;
				GENERATE_INFOPLIST_FILE = YES;
				IPHONEOS_DEPLOYMENT_TARGET = 16.2;
				MARKETING_VERSION = 1.0;
				PRODUCT_BUNDLE_IDENTIFIER = com.yeniellandestoy.VeepeeAssessmentTests;
				PRODUCT_NAME = "$(TARGET_NAME)";
				SWIFT_EMIT_LOC_STRINGS = NO;
				SWIFT_VERSION = 5.0;
				TARGETED_DEVICE_FAMILY = "1,2";
				TEST_HOST = "$(BUILT_PRODUCTS_DIR)/VeepeeAssessment.app/$(BUNDLE_EXECUTABLE_FOLDER_PATH)/VeepeeAssessment";
			};
			name = Debug;
		};
		FE75B5DB29C46640004F8046 /* Release */ = {
			isa = XCBuildConfiguration;
			baseConfigurationReference = 33E0F4100CC15080E3A63BF0 /* Pods-VeepeeAssessmentTests.release.xcconfig */;
			buildSettings = {
				ALWAYS_EMBED_SWIFT_STANDARD_LIBRARIES = YES;
				BUNDLE_LOADER = "$(TEST_HOST)";
				CODE_SIGN_STYLE = Automatic;
				CURRENT_PROJECT_VERSION = 1;
				DEVELOPMENT_TEAM = SVW6HF2MTV;
				GENERATE_INFOPLIST_FILE = YES;
				IPHONEOS_DEPLOYMENT_TARGET = 16.2;
				MARKETING_VERSION = 1.0;
				PRODUCT_BUNDLE_IDENTIFIER = com.yeniellandestoy.VeepeeAssessmentTests;
				PRODUCT_NAME = "$(TARGET_NAME)";
				SWIFT_EMIT_LOC_STRINGS = NO;
				SWIFT_VERSION = 5.0;
				TARGETED_DEVICE_FAMILY = "1,2";
				TEST_HOST = "$(BUILT_PRODUCTS_DIR)/VeepeeAssessment.app/$(BUNDLE_EXECUTABLE_FOLDER_PATH)/VeepeeAssessment";
			};
			name = Release;
		};
/* End XCBuildConfiguration section */

/* Begin XCConfigurationList section */
		FE75B5A829C4663E004F8046 /* Build configuration list for PBXProject "VeepeeAssessment" */ = {
			isa = XCConfigurationList;
			buildConfigurations = (
				FE75B5D429C46640004F8046 /* Debug */,
				FE75B5D529C46640004F8046 /* Release */,
			);
			defaultConfigurationIsVisible = 0;
			defaultConfigurationName = Release;
		};
		FE75B5D629C46640004F8046 /* Build configuration list for PBXNativeTarget "VeepeeAssessment" */ = {
			isa = XCConfigurationList;
			buildConfigurations = (
				FE75B5D729C46640004F8046 /* Debug */,
				FE75B5D829C46640004F8046 /* Release */,
			);
			defaultConfigurationIsVisible = 0;
			defaultConfigurationName = Release;
		};
		FE75B5D929C46640004F8046 /* Build configuration list for PBXNativeTarget "VeepeeAssessmentTests" */ = {
			isa = XCConfigurationList;
			buildConfigurations = (
				FE75B5DA29C46640004F8046 /* Debug */,
				FE75B5DB29C46640004F8046 /* Release */,
			);
			defaultConfigurationIsVisible = 0;
			defaultConfigurationName = Release;
		};
/* End XCConfigurationList section */

/* Begin XCRemoteSwiftPackageReference section */
		FE75B5F829C46F38004F8046 /* XCRemoteSwiftPackageReference "stinsen" */ = {
			isa = XCRemoteSwiftPackageReference;
			repositoryURL = "https://github.com/rundfunk47/stinsen";
			requirement = {
				kind = upToNextMajorVersion;
				minimumVersion = 2.0.0;
			};
		};
		FE75B5FB29C46F55004F8046 /* XCRemoteSwiftPackageReference "Factory" */ = {
			isa = XCRemoteSwiftPackageReference;
			repositoryURL = "https://github.com/hmlongco/Factory";
			requirement = {
				kind = upToNextMajorVersion;
				minimumVersion = 2.0.0;
			};
		};
		FE75B5FE29C46F7B004F8046 /* XCRemoteSwiftPackageReference "swift-snapshot-testing" */ = {
			isa = XCRemoteSwiftPackageReference;
			repositoryURL = "https://github.com/pointfreeco/swift-snapshot-testing";
			requirement = {
				kind = upToNextMajorVersion;
				minimumVersion = 1.0.0;
			};
		};
		FE75B60129C47033004F8046 /* XCRemoteSwiftPackageReference "Quick" */ = {
			isa = XCRemoteSwiftPackageReference;
			repositoryURL = "https://github.com/Quick/Quick.git";
			requirement = {
				kind = upToNextMajorVersion;
				minimumVersion = 6.1.0;
			};
		};
		FE75B60429C47082004F8046 /* XCRemoteSwiftPackageReference "Nimble" */ = {
			isa = XCRemoteSwiftPackageReference;
			repositoryURL = "https://github.com/Quick/Nimble.git";
			requirement = {
				kind = upToNextMajorVersion;
				minimumVersion = 11.2.1;
			};
		};
		FE75B60729C470E4004F8046 /* XCRemoteSwiftPackageReference "OHHTTPStubs" */ = {
			isa = XCRemoteSwiftPackageReference;
			repositoryURL = "https://github.com/AliSoftware/OHHTTPStubs";
			requirement = {
				kind = upToNextMajorVersion;
				minimumVersion = 9.0.0;
			};
		};
		FEF33F3229CA5A4D000F5445 /* XCRemoteSwiftPackageReference "swiftui-cached-async-image" */ = {
			isa = XCRemoteSwiftPackageReference;
			repositoryURL = "https://github.com/lorenzofiamingo/swiftui-cached-async-image";
			requirement = {
				kind = upToNextMajorVersion;
				minimumVersion = 2.0.0;
			};
		};
/* End XCRemoteSwiftPackageReference section */

/* Begin XCSwiftPackageProductDependency section */
		FE75B5F929C46F38004F8046 /* Stinsen */ = {
			isa = XCSwiftPackageProductDependency;
			package = FE75B5F829C46F38004F8046 /* XCRemoteSwiftPackageReference "stinsen" */;
			productName = Stinsen;
		};
		FE75B5FC29C46F55004F8046 /* Factory */ = {
			isa = XCSwiftPackageProductDependency;
			package = FE75B5FB29C46F55004F8046 /* XCRemoteSwiftPackageReference "Factory" */;
			productName = Factory;
		};
		FE75B5FF29C46F7B004F8046 /* SnapshotTesting */ = {
			isa = XCSwiftPackageProductDependency;
			package = FE75B5FE29C46F7B004F8046 /* XCRemoteSwiftPackageReference "swift-snapshot-testing" */;
			productName = SnapshotTesting;
		};
		FE75B60229C47033004F8046 /* Quick */ = {
			isa = XCSwiftPackageProductDependency;
			package = FE75B60129C47033004F8046 /* XCRemoteSwiftPackageReference "Quick" */;
			productName = Quick;
		};
		FE75B60529C47082004F8046 /* Nimble */ = {
			isa = XCSwiftPackageProductDependency;
			package = FE75B60429C47082004F8046 /* XCRemoteSwiftPackageReference "Nimble" */;
			productName = Nimble;
		};
		FE75B60829C470E4004F8046 /* OHHTTPStubs */ = {
			isa = XCSwiftPackageProductDependency;
			package = FE75B60729C470E4004F8046 /* XCRemoteSwiftPackageReference "OHHTTPStubs" */;
			productName = OHHTTPStubs;
		};
		FE75B60A29C470E4004F8046 /* OHHTTPStubsSwift */ = {
			isa = XCSwiftPackageProductDependency;
			package = FE75B60729C470E4004F8046 /* XCRemoteSwiftPackageReference "OHHTTPStubs" */;
			productName = OHHTTPStubsSwift;
		};
		FEF33F3329CA5A4D000F5445 /* CachedAsyncImage */ = {
			isa = XCSwiftPackageProductDependency;
			package = FEF33F3229CA5A4D000F5445 /* XCRemoteSwiftPackageReference "swiftui-cached-async-image" */;
			productName = CachedAsyncImage;
		};
/* End XCSwiftPackageProductDependency section */

/* Begin XCVersionGroup section */
		FE75B5BB29C46640004F8046 /* VeepeeAssessment.xcdatamodeld */ = {
			isa = XCVersionGroup;
			children = (
				FE75B5BC29C46640004F8046 /* VeepeeAssessment.xcdatamodel */,
			);
			currentVersion = FE75B5BC29C46640004F8046 /* VeepeeAssessment.xcdatamodel */;
			path = VeepeeAssessment.xcdatamodeld;
			sourceTree = "<group>";
			versionGroupType = wrapper.xcdatamodel;
		};
/* End XCVersionGroup section */
	};
	rootObject = FE75B5A529C4663E004F8046 /* Project object */;
}
